
Microsoft Visual Studio Solution File, Format Version 12.00
# Visual Studio 15
VisualStudioVersion = 15.0.28010.2041
MinimumVisualStudioVersion = 10.0.40219.1
Project("{8BC9CEB8-8B4A-11D0-8D11-00A0C91BC942}") = "ITarArchivator", "ITarArchivator\ITarArchivator.vcxproj", "{8343870A-D706-4C18-8867-1941EDEB6EED}"
EndProject
Global
	GlobalSection(SolutionConfigurationPlatforms) = preSolution
		Debug|x64 = Debug|x64
		Debug|x86 = Debug|x86
		Release|x64 = Release|x64
		Release|x86 = Release|x86
	EndGlobalSection
	GlobalSection(ProjectConfigurationPlatforms) = postSolution
		{8343870A-D706-4C18-8867-1941EDEB6EED}.Debug|x64.ActiveCfg = Debug|x64
		{8343870A-D706-4C18-8867-1941EDEB6EED}.Debug|x64.Build.0 = Debug|x64
		{8343870A-D706-4C18-8867-1941EDEB6EED}.Debug|x86.ActiveCfg = Debug|Win32
		{8343870A-D706-4C18-8867-1941EDEB6EED}.Debug|x86.Build.0 = Debug|Win32
		{8343870A-D706-4C18-8867-1941EDEB6EED}.Release|x64.ActiveCfg = Release|x64
		{8343870A-D706-4C18-8867-1941EDEB6EED}.Release|x64.Build.0 = Release|x64
		{8343870A-D706-4C18-8867-1941EDEB6EED}.Release|x86.ActiveCfg = Release|Win32
		{8343870A-D706-4C18-8867-1941EDEB6EED}.Release|x86.Build.0 = Release|Win32
	EndGlobalSection
	GlobalSection(SolutionProperties) = preSolution
		HideSolutionNode = FALSE
	EndGlobalSection
	GlobalSection(ExtensibilityGlobals) = postSolution
		SolutionGuid = {9F513319-6A94-4581-A052-2091039D983F}
	EndGlobalSection
EndGlobal
